
Microsoft Visual Studio Solution File, Format Version 12.00
# Visual Studio Version 16
VisualStudioVersion = 16.0.32630.194
MinimumVisualStudioVersion = 10.0.40219.1
Project("{FAE04EC0-301F-11D3-BF4B-00C04F79EFBC}") = "ffk1x", "ffk1x\ffk1x.csproj", "{16F2331E-2E52-415A-8843-CE58512D2E52}"
EndProject
Global
	GlobalSection(SolutionConfigurationPlatforms) = preSolution
		Debug|Any CPU = Debug|Any CPU
		Release|Any CPU = Release|Any CPU
	EndGlobalSection
	GlobalSection(ProjectConfigurationPlatforms) = postSolution
		{16F2331E-2E52-415A-8843-CE58512D2E52}.Debug|Any CPU.ActiveCfg = Debug|Any CPU
		{16F2331E-2E52-415A-8843-CE58512D2E52}.Debug|Any CPU.Build.0 = Debug|Any CPU
		{16F2331E-2E52-415A-8843-CE58512D2E52}.Release|Any CPU.ActiveCfg = Release|Any CPU
		{16F2331E-2E52-415A-8843-CE58512D2E52}.Release|Any CPU.Build.0 = Release|Any CPU
	EndGlobalSection
	GlobalSection(SolutionProperties) = preSolution
		HideSolutionNode = FALSE
	EndGlobalSection
	GlobalSection(ExtensibilityGlobals) = postSolution
		SolutionGuid = {142322A5-BE1C-449A-B0C5-FF4FFCCF79E1}
	EndGlobalSection
EndGlobal
